
Microsoft Visual Studio Solution File, Format Version 12.00
# Visual Studio Version 16
VisualStudioVersion = 16.0.30907.101
MinimumVisualStudioVersion = 10.0.40219.1
Project("{9A19103F-16F7-4668-BE54-9A1E7A4F7556}") = "JakePerry.Reflection", "JakePerry.Reflection\JakePerry.Reflection.csproj", "{C1D18FFA-2C24-4793-81D2-8E094E855B0B}"
EndProject
Project("{FAE04EC0-301F-11D3-BF4B-00C04F79EFBC}") = "JakePerry.Reflection.Tests", "JakePerry.Reflection.Tests\JakePerry.Reflection.Tests.csproj", "{94B513FE-E33D-4B7B-BC86-FD7BD3AD5576}"
EndProject
Global
	GlobalSection(SolutionConfigurationPlatforms) = preSolution
		Debug|Any CPU = Debug|Any CPU
		Release|Any CPU = Release|Any CPU
	EndGlobalSection
	GlobalSection(ProjectConfigurationPlatforms) = postSolution
		{C1D18FFA-2C24-4793-81D2-8E094E855B0B}.Debug|Any CPU.ActiveCfg = Debug|Any CPU
		{C1D18FFA-2C24-4793-81D2-8E094E855B0B}.Debug|Any CPU.Build.0 = Debug|Any CPU
		{C1D18FFA-2C24-4793-81D2-8E094E855B0B}.Release|Any CPU.ActiveCfg = Release|Any CPU
		{C1D18FFA-2C24-4793-81D2-8E094E855B0B}.Release|Any CPU.Build.0 = Release|Any CPU
		{94B513FE-E33D-4B7B-BC86-FD7BD3AD5576}.Debug|Any CPU.ActiveCfg = Debug|Any CPU
		{94B513FE-E33D-4B7B-BC86-FD7BD3AD5576}.Debug|Any CPU.Build.0 = Debug|Any CPU
		{94B513FE-E33D-4B7B-BC86-FD7BD3AD5576}.Release|Any CPU.ActiveCfg = Release|Any CPU
		{94B513FE-E33D-4B7B-BC86-FD7BD3AD5576}.Release|Any CPU.Build.0 = Release|Any CPU
	EndGlobalSection
	GlobalSection(SolutionProperties) = preSolution
		HideSolutionNode = FALSE
	EndGlobalSection
	GlobalSection(ExtensibilityGlobals) = postSolution
		SolutionGuid = {E8FFA5AB-F0B7-4A0D-B960-D1F7BCD7845C}
	EndGlobalSection
EndGlobal
